
Microsoft Visual Studio Solution File, Format Version 12.00
# Visual Studio Version 16
VisualStudioVersion = 16.0.30330.147
MinimumVisualStudioVersion = 10.0.40219.1
Project("{9A19103F-16F7-4668-BE54-9A1E7A4F7556}") = "HelloMapper", "HelloMapper.csproj", "{A73AB408-6B4D-417C-9D7E-DBC68DE9EE5A}"
EndProject
Global
	GlobalSection(SolutionConfigurationPlatforms) = preSolution
		Debug|Any CPU = Debug|Any CPU
		Release|Any CPU = Release|Any CPU
	EndGlobalSection
	GlobalSection(ProjectConfigurationPlatforms) = postSolution
		{A73AB408-6B4D-417C-9D7E-DBC68DE9EE5A}.Debug|Any CPU.ActiveCfg = Debug|Any CPU
		{A73AB408-6B4D-417C-9D7E-DBC68DE9EE5A}.Debug|Any CPU.Build.0 = Debug|Any CPU
		{A73AB408-6B4D-417C-9D7E-DBC68DE9EE5A}.Release|Any CPU.ActiveCfg = Release|Any CPU
		{A73AB408-6B4D-417C-9D7E-DBC68DE9EE5A}.Release|Any CPU.Build.0 = Release|Any CPU
	EndGlobalSection
	GlobalSection(SolutionProperties) = preSolution
		HideSolutionNode = FALSE
	EndGlobalSection
	GlobalSection(ExtensibilityGlobals) = postSolution
		SolutionGuid = {DDD514B3-615F-4674-82B0-A276A16C063D}
	EndGlobalSection
EndGlobal
